
Microsoft Visual Studio Solution File, Format Version 12.00
# Visual Studio Version 17
VisualStudioVersion = 17.3.32922.545
MinimumVisualStudioVersion = 10.0.40219.1
Project("{FAE04EC0-301F-11D3-BF4B-00C04F79EFBC}") = "New-WebApplication", "New-WebApplication.csproj", "{72901ACD-66F1-4393-A19B-6F75B42C5918}"
EndProject
Global
	GlobalSection(SolutionConfigurationPlatforms) = preSolution
		Debug|Any CPU = Debug|Any CPU
		Release|Any CPU = Release|Any CPU
	EndGlobalSection
	GlobalSection(ProjectConfigurationPlatforms) = postSolution
		{72901ACD-66F1-4393-A19B-6F75B42C5918}.Debug|Any CPU.ActiveCfg = Debug|Any CPU
		{72901ACD-66F1-4393-A19B-6F75B42C5918}.Debug|Any CPU.Build.0 = Debug|Any CPU
		{72901ACD-66F1-4393-A19B-6F75B42C5918}.Release|Any CPU.ActiveCfg = Release|Any CPU
		{72901ACD-66F1-4393-A19B-6F75B42C5918}.Release|Any CPU.Build.0 = Release|Any CPU
	EndGlobalSection
	GlobalSection(SolutionProperties) = preSolution
		HideSolutionNode = FALSE
	EndGlobalSection
	GlobalSection(ExtensibilityGlobals) = postSolution
		SolutionGuid = {DF16CF76-3419-49F5-B1E4-E60671C55F42}
	EndGlobalSection
EndGlobal
